
Microsoft Visual Studio Solution File, Format Version 12.00
# Visual Studio 15
VisualStudioVersion = 15.0.33529.398
MinimumVisualStudioVersion = 10.0.40219.1
Project("{F184B08F-C81C-45F6-A57F-5ABD9991F28F}") = "HelloWorld", "HelloWorld\HelloWorld.vbproj", "{848F6CD1-C04E-43FF-B5D5-BE9E2FED7549}"
EndProject
Global
	GlobalSection(SolutionConfigurationPlatforms) = preSolution
		Debug|Any CPU = Debug|Any CPU
		Release|Any CPU = Release|Any CPU
	EndGlobalSection
	GlobalSection(ProjectConfigurationPlatforms) = postSolution
		{848F6CD1-C04E-43FF-B5D5-BE9E2FED7549}.Debug|Any CPU.ActiveCfg = Debug|Any CPU
		{848F6CD1-C04E-43FF-B5D5-BE9E2FED7549}.Debug|Any CPU.Build.0 = Debug|Any CPU
		{848F6CD1-C04E-43FF-B5D5-BE9E2FED7549}.Release|Any CPU.ActiveCfg = Release|Any CPU
		{848F6CD1-C04E-43FF-B5D5-BE9E2FED7549}.Release|Any CPU.Build.0 = Release|Any CPU
	EndGlobalSection
	GlobalSection(SolutionProperties) = preSolution
		HideSolutionNode = FALSE
	EndGlobalSection
	GlobalSection(ExtensibilityGlobals) = postSolution
		SolutionGuid = {7951B40B-7D2A-448D-AC78-444DCF685451}
	EndGlobalSection
EndGlobal
